# This file is automatically @generated by Poetry 2.1.3 and should not be changed by hand.

[[package]]
name = "asgiref"
version = "3.11.1"
description = "ASGI specs, helper code, and adapters"
optional = false
python-versions = ">=3.9"
groups = ["main"]
files = [
    {file = "asgiref-3.11.1-py3-none-any.whl", hash = "sha256:e8667a091e69529631969fd45dc268fa79b99c92c5fcdda727757e52146ec133"},
    {file = "asgiref-3.11.1.tar.gz", hash = "sha256:5f184dc43b7e763efe848065441eac62229c9f7b0475f41f80e207a114eda4ce"},
]

[package.extras]
tests = ["mypy (>=1.14.0)", "pytest", "pytest-asyncio"]

[[package]]
name = "django"
version = "6.0.2"
description = "A high-level Python web framework that encourages rapid development and clean, pragmatic design."
optional = false
python-versions = ">=3.12"
groups = ["main"]
files = [
    {file = "django-6.0.2-py3-none-any.whl", hash = "sha256:610dd3b13d15ec3f1e1d257caedd751db8033c5ad8ea0e2d1219a8acf446ecc6"},
    {file = "django-6.0.2.tar.gz", hash = "sha256:3046a53b0e40d4b676c3b774c73411d7184ae2745fe8ce5e45c0f33d3ddb71a7"},
]

[package.dependencies]
asgiref = ">=3.9.1"
sqlparse = ">=0.5.0"
tzdata = {version = "*", markers = "sys_platform == \"win32\""}

[package.extras]
argon2 = ["argon2-cffi (>=23.1.0)"]
bcrypt = ["bcrypt (>=4.1.1)"]

[[package]]
name = "djangorestframework"
version = "3.16.1"
description = "Web APIs for Django, made easy."
optional = false
python-versions = ">=3.9"
groups = ["main"]
files = [
    {file = "djangorestframework-3.16.1-py3-none-any.whl", hash = "sha256:33a59f47fb9c85ede792cbf88bde71893bcda0667bc573f784649521f1102cec"},
    {file = "djangorestframework-3.16.1.tar.gz", hash = "sha256:166809528b1aced0a17dc66c24492af18049f2c9420dbd0be29422029cfc3ff7"},
]

[package.dependencies]
django = ">=4.2"

[[package]]
name = "djangorestframework-simplejwt"
version = "5.5.1"
description = "A minimal JSON Web Token authentication plugin for Django REST Framework"
optional = false
python-versions = ">=3.9"
groups = ["main"]
files = [
    {file = "djangorestframework_simplejwt-5.5.1-py3-none-any.whl", hash = "sha256:2c30f3707053d384e9f315d11c2daccfcb548d4faa453111ca19a542b732e469"},
    {file = "djangorestframework_simplejwt-5.5.1.tar.gz", hash = "sha256:e72c5572f51d7803021288e2057afcbd03f17fe11d484096f40a460abc76e87f"},
]

[package.dependencies]
django = ">=4.2"
djangorestframework = ">=3.14"
pyjwt = ">=1.7.1"

[package.extras]
crypto = ["cryptography (>=3.3.1)"]
dev = ["Sphinx", "cryptography", "freezegun", "ipython", "pre-commit", "pytest", "pytest-cov", "pytest-django", "pytest-watch", "pytest-xdist", "python-jose (==3.3.0)", "pyupgrade", "ruff", "sphinx_rtd_theme (>=0.1.9)", "tox", "twine", "wheel", "yesqa"]
doc = ["Sphinx", "sphinx_rtd_theme (>=0.1.9)"]
lint = ["pre-commit", "pyupgrade", "ruff", "yesqa"]
python-jose = ["python-jose (==3.3.0)"]
test = ["cryptography", "freezegun", "pytest", "pytest-cov", "pytest-django", "pytest-xdist", "tox"]

[[package]]
name = "psycopg2"
version = "2.9.11"
description = "psycopg2 - Python-PostgreSQL Database Adapter"
optional = false
python-versions = ">=3.9"
groups = ["main"]
files = [
    {file = "psycopg2-2.9.11-cp310-cp310-win_amd64.whl", hash = "sha256:103e857f46bb76908768ead4e2d0ba1d1a130e7b8ed77d3ae91e8b33481813e8"},
    {file = "psycopg2-2.9.11-cp311-cp311-win_amd64.whl", hash = "sha256:210daed32e18f35e3140a1ebe059ac29209dd96468f2f7559aa59f75ee82a5cb"},
    {file = "psycopg2-2.9.11-cp312-cp312-win_amd64.whl", hash = "sha256:e03e4a6dbe87ff81540b434f2e5dc2bddad10296db5eea7bdc995bf5f4162938"},
    {file = "psycopg2-2.9.11-cp313-cp313-win_amd64.whl", hash = "sha256:8dc379166b5b7d5ea66dcebf433011dfc51a7bb8a5fc12367fa05668e5fc53c8"},
    {file = "psycopg2-2.9.11-cp314-cp314-win_amd64.whl", hash = "sha256:f10a48acba5fe6e312b891f290b4d2ca595fc9a06850fe53320beac353575578"},
    {file = "psycopg2-2.9.11-cp39-cp39-win_amd64.whl", hash = "sha256:6ecddcf573777536bddfefaea8079ce959287798c8f5804bee6933635d538924"},
    {file = "psycopg2-2.9.11.tar.gz", hash = "sha256:964d31caf728e217c697ff77ea69c2ba0865fa41ec20bb00f0977e62fdcc52e3"},
]

[[package]]
name = "pyjwt"
version = "2.11.0"
description = "JSON Web Token implementation in Python"
optional = false
python-versions = ">=3.9"
groups = ["main"]
files = [
    {file = "pyjwt-2.11.0-py3-none-any.whl", hash = "sha256:94a6bde30eb5c8e04fee991062b534071fd1439ef58d2adc9ccb823e7bcd0469"},
    {file = "pyjwt-2.11.0.tar.gz", hash = "sha256:35f95c1f0fbe5d5ba6e43f00271c275f7a1a4db1dab27bf708073b75318ea623"},
]

[package.extras]
crypto = ["cryptography (>=3.4.0)"]
dev = ["coverage[toml] (==7.10.7)", "cryptography (>=3.4.0)", "pre-commit", "pytest (>=8.4.2,<9.0.0)", "sphinx", "sphinx-rtd-theme", "zope.interface"]
docs = ["sphinx", "sphinx-rtd-theme", "zope.interface"]
tests = ["coverage[toml] (==7.10.7)", "pytest (>=8.4.2,<9.0.0)"]

[[package]]
name = "ruff"
version = "0.15.4"
description = "An extremely fast Python linter and code formatter, written in Rust."
optional = false
python-versions = ">=3.7"
groups = ["main"]
files = [
    {file = "ruff-0.15.4-py3-none-linux_armv6l.whl", hash = "sha256:a1810931c41606c686bae8b5b9a8072adac2f611bb433c0ba476acba17a332e0"},
    {file = "ruff-0.15.4-py3-none-macosx_10_12_x86_64.whl", hash = "sha256:5a1632c66672b8b4d3e1d1782859e98d6e0b4e70829530666644286600a33992"},
    {file = "ruff-0.15.4-py3-none-macosx_11_0_arm64.whl", hash = "sha256:a4386ba2cd6c0f4ff75252845906acc7c7c8e1ac567b7bc3d373686ac8c222ba"},
    {file = "ruff-0.15.4-py3-none-manylinux_2_17_aarch64.manylinux2014_aarch64.whl", hash = "sha256:b2496488bdfd3732747558b6f95ae427ff066d1fcd054daf75f5a50674411e75"},
    {file = "ruff-0.15.4-py3-none-manylinux_2_17_armv7l.manylinux2014_armv7l.whl", hash = "sha256:3f1c4893841ff2d54cbda1b2860fa3260173df5ddd7b95d370186f8a5e66a4ac"},
    {file = "ruff-0.15.4-py3-none-manylinux_2_17_i686.manylinux2014_i686.whl", hash = "sha256:820b8766bd65503b6c30aaa6331e8ef3a6e564f7999c844e9a547c40179e440a"},
    {file = "ruff-0.15.4-py3-none-manylinux_2_17_ppc64le.manylinux2014_ppc64le.whl", hash = "sha256:c9fb74bab47139c1751f900f857fa503987253c3ef89129b24ed375e72873e85"},
    {file = "ruff-0.15.4-py3-none-manylinux_2_17_s390x.manylinux2014_s390x.whl", hash = "sha256:f80c98765949c518142b3a50a5db89343aa90f2c2bf7799de9986498ae6176db"},
    {file = "ruff-0.15.4-py3-none-manylinux_2_17_x86_64.manylinux2014_x86_64.whl", hash = "sha256:451a2e224151729b3b6c9ffb36aed9091b2996fe4bdbd11f47e27d8f2e8888ec"},
    {file = "ruff-0.15.4-py3-none-manylinux_2_31_riscv64.whl", hash = "sha256:a8f157f2e583c513c4f5f896163a93198297371f34c04220daf40d133fdd4f7f"},
    {file = "ruff-0.15.4-py3-none-musllinux_1_2_aarch64.whl", hash = "sha256:917cc68503357021f541e69b35361c99387cdbbf99bd0ea4aa6f28ca99ff5338"},
    {file = "ruff-0.15.4-py3-none-musllinux_1_2_armv7l.whl", hash = "sha256:e9737c8161da79fd7cfec19f1e35620375bd8b2a50c3e77fa3d2c16f574105cc"},
    {file = "ruff-0.15.4-py3-none-musllinux_1_2_i686.whl", hash = "sha256:291258c917539e18f6ba40482fe31d6f5ac023994ee11d7bdafd716f2aab8a68"},
    {file = "ruff-0.15.4-py3-none-musllinux_1_2_x86_64.whl", hash = "sha256:3f83c45911da6f2cd5936c436cf86b9f09f09165f033a99dcf7477e34041cbc3"},
    {file = "ruff-0.15.4-py3-none-win32.whl", hash = "sha256:65594a2d557d4ee9f02834fcdf0a28daa8b3b9f6cb2cb93846025a36db47ef22"},
    {file = "ruff-0.15.4-py3-none-win_amd64.whl", hash = "sha256:04196ad44f0df220c2ece5b0e959c2f37c777375ec744397d21d15b50a75264f"},
    {file = "ruff-0.15.4-py3-none-win_arm64.whl", hash = "sha256:60d5177e8cfc70e51b9c5fad936c634872a74209f934c1e79107d11787ad5453"},
    {file = "ruff-0.15.4.tar.gz", hash = "sha256:3412195319e42d634470cc97aa9803d07e9d5c9223b99bcb1518f0c725f26ae1"},
]

[[package]]
name = "sqlparse"
version = "0.5.5"
description = "A non-validating SQL parser."
optional = false
python-versions = ">=3.8"
groups = ["main"]
files = [
    {file = "sqlparse-0.5.5-py3-none-any.whl", hash = "sha256:12a08b3bf3eec877c519589833aed092e2444e68240a3577e8e26148acc7b1ba"},
    {file = "sqlparse-0.5.5.tar.gz", hash = "sha256:e20d4a9b0b8585fdf63b10d30066c7c94c5d7a7ec47c889a2d83a3caa93ff28e"},
]

[package.extras]
dev = ["build"]
doc = ["sphinx"]

[[package]]
name = "tzdata"
version = "2025.3"
description = "Provider of IANA time zone data"
optional = false
python-versions = ">=2"
groups = ["main"]
markers = "sys_platform == \"win32\""
files = [
    {file = "tzdata-2025.3-py2.py3-none-any.whl", hash = "sha256:06a47e5700f3081aab02b2e513160914ff0694bce9947d6b76ebd6bf57cfc5d1"},
    {file = "tzdata-2025.3.tar.gz", hash = "sha256:de39c2ca5dc7b0344f2eba86f49d614019d29f060fc4ebc8a417896a620b56a7"},
]

[metadata]
lock-version = "2.1"
python-versions = ">=3.12"
content-hash = "501a36b5f7027e7034856bb2c294cdeb4d5a149f8da3c1a3d81e35436ca9c35e"
